PODS:
  - AIReplySDK/CJSelectableText (0.1.0)
  - AIReplySDK/Clipboard (0.1.0):
    - AIReplySDK/Core
  - AIReplySDK/Core (0.1.0)
  - AIReplySDK/Settings (0.1.0):
    - AIReplySDK/Core
  - AIReplySDK/UI (0.1.0):
    - AIReplySDK/CJSelectableText
    - AIReplySDK/Clipboard
    - AIReplySDK/Core
    - AIReplySDK/Settings

DEPENDENCIES:
  - AIReplySDK/Core (from `../AIReplySDK`)
  - AIReplySDK/Settings (from `../AIReplySDK`)
  - AIReplySDK/UI (from `../AIReplySDK`)

EXTERNAL SOURCES:
  AIReplySDK:
    :path: "../AIReplySDK"

SPEC CHECKSUMS:
  AIReplySDK: 30cafd7e4fc8a7211e026ff70a0bc2920c828744

PODFILE CHECKSUM: 2a20494fa44706d373c7c27d65120ac359ff7b81

COCOAPODS: 1.16.2
