// !$*UTF8*$!
{
	archiveVersion = 1;
	classes = {
	};
	objectVersion = 77;
	objects = {

/* Begin PBXBuildFile section */
		0EDB740F42B096DCF784D488 /* Keyboard.appex in Embed Foundation Extensions */ = {isa = PBXBuildFile; fileRef = 4EFA9E6E98116B1F943F5134 /* Keyboard.appex */; settings = {ATTRIBUTES = (RemoveHeadersOnCopy, ); }; };
		9F104C9578D170B96D65D160 /* ContentView.swift in Sources */ = {isa = PBXBuildFile; fileRef = 5285DF016817F841EBA675F2 /* ContentView.swift */; };
		A6A3961C65242A7F4763F002 /* Assets.xcassets in Resources */ = {isa = PBXBuildFile; fileRef = B6B84B766D070575ABC8881E /* Assets.xcassets */; };
		AB54229B6B85E616FDE87ECA /* KeyboardViewController.swift in Sources */ = {isa = PBXBuildFile; fileRef = 31106F2909BB0F7DD7CB8498 /* KeyboardViewController.swift */; };
		E93332135009FB2419FD2304 /* SimpleKeyboardApp.swift in Sources */ = {isa = PBXBuildFile; fileRef = 361344796A783D042048C636 /* SimpleKeyboardApp.swift */; };
/* End PBXBuildFile section */

/* Begin PBXContainerItemProxy section */
		81ADF27CDE49E08DD3E7D4E4 /* PBXContainerItemProxy */ = {
			isa = PBXContainerItemProxy;
			containerPortal = D0A7485C26088A508E1C3F2B /* Project object */;
			proxyType = 1;
			remoteGlobalIDString = F0CCF2C249819986B7DEF508;
			remoteInfo = Keyboard;
		};
/* End PBXContainerItemProxy section */

/* Begin PBXCopyFilesBuildPhase section */
		B0865FA10211C5982D7DB292 /* Embed Foundation Extensions */ = {
			isa = PBXCopyFilesBuildPhase;
			buildActionMask = 2147483647;
			dstPath = "";
			dstSubfolderSpec = 13;
			files = (
				0EDB740F42B096DCF784D488 /* Keyboard.appex in Embed Foundation Extensions */,
			);
			name = "Embed Foundation Extensions";
			runOnlyForDeploymentPostprocessing = 0;
		};
/* End PBXCopyFilesBuildPhase section */

/* Begin PBXFileReference section */
		31106F2909BB0F7DD7CB8498 /* KeyboardViewController.swift */ = {isa = PBXFileReference; lastKnownFileType = sourcecode.swift; path = KeyboardViewController.swift; sourceTree = "<group>"; };
		361344796A783D042048C636 /* SimpleKeyboardApp.swift */ = {isa = PBXFileReference; lastKnownFileType = sourcecode.swift; path = SimpleKeyboardApp.swift; sourceTree = "<group>"; };
		4EFA9E6E98116B1F943F5134 /* Keyboard.appex */ = {isa = PBXFileReference; includeInIndex = 0; lastKnownFileType = "wrapper.app-extension"; path = Keyboard.appex; sourceTree = BUILT_PRODUCTS_DIR; };
		5285DF016817F841EBA675F2 /* ContentView.swift */ = {isa = PBXFileReference; lastKnownFileType = sourcecode.swift; path = ContentView.swift; sourceTree = "<group>"; };
		6A5190551ABA4AB872DC6721 /* Info.plist */ = {isa = PBXFileReference; lastKnownFileType = text.plist; path = Info.plist; sourceTree = "<group>"; };
		9E84E222733829FA818927BB /* Info.plist */ = {isa = PBXFileReference; lastKnownFileType = text.plist; path = Info.plist; sourceTree = "<group>"; };
		B6B84B766D070575ABC8881E /* Assets.xcassets */ = {isa = PBXFileReference; lastKnownFileType = folder.assetcatalog; path = Assets.xcassets; sourceTree = "<group>"; };
		BEFDD6B55563918DADD54196 /* SimpleKeyboard.app */ = {isa = PBXFileReference; includeInIndex = 0; lastKnownFileType = wrapper.application; path = SimpleKeyboard.app; sourceTree = BUILT_PRODUCTS_DIR; };
/* End PBXFileReference section */

/* Begin PBXGroup section */
		203A86FEF08252DCFA8D2A13 /* Keyboard */ = {
			isa = PBXGroup;
			children = (
				9E84E222733829FA818927BB /* Info.plist */,
				31106F2909BB0F7DD7CB8498 /* KeyboardViewController.swift */,
			);
			path = Keyboard;
			sourceTree = "<group>";
		};
		3BC75E12DB3B1CA90602FA85 /* SimpleKeyboard */ = {
			isa = PBXGroup;
			children = (
				B6B84B766D070575ABC8881E /* Assets.xcassets */,
				5285DF016817F841EBA675F2 /* ContentView.swift */,
				6A5190551ABA4AB872DC6721 /* Info.plist */,
				361344796A783D042048C636 /* SimpleKeyboardApp.swift */,
			);
			path = SimpleKeyboard;
			sourceTree = "<group>";
		};
		73F806CBFF370A1DC1007670 /* Products */ = {
			isa = PBXGroup;
			children = (
				4EFA9E6E98116B1F943F5134 /* Keyboard.appex */,
				BEFDD6B55563918DADD54196 /* SimpleKeyboard.app */,
			);
			name = Products;
			sourceTree = "<group>";
		};
		E7DF0B6F081CDD15ECB046A6 = {
			isa = PBXGroup;
			children = (
				203A86FEF08252DCFA8D2A13 /* Keyboard */,
				3BC75E12DB3B1CA90602FA85 /* SimpleKeyboard */,
				73F806CBFF370A1DC1007670 /* Products */,
			);
			sourceTree = "<group>";
		};
/* End PBXGroup section */

/* Begin PBXNativeTarget section */
		BAE165CE913520267E9A68AE /* SimpleKeyboard */ = {
			isa = PBXNativeTarget;
			buildConfigurationList = F83DD13929399376B1AB808D /* Build configuration list for PBXNativeTarget "SimpleKeyboard" */;
			buildPhases = (
				DFF7B237827C3CC59BD8DA86 /* Sources */,
				0717B8196E194FA27A8EA8D1 /* Resources */,
				B0865FA10211C5982D7DB292 /* Embed Foundation Extensions */,
			);
			buildRules = (
			);
			dependencies = (
				9A806E5FD87305E37939AC28 /* PBXTargetDependency */,
			);
			name = SimpleKeyboard;
			packageProductDependencies = (
			);
			productName = SimpleKeyboard;
			productReference = BEFDD6B55563918DADD54196 /* SimpleKeyboard.app */;
			productType = "com.apple.product-type.application";
		};
		F0CCF2C249819986B7DEF508 /* Keyboard */ = {
			isa = PBXNativeTarget;
			buildConfigurationList = B136EBD5E97FE707D6E1EA40 /* Build configuration list for PBXNativeTarget "Keyboard" */;
			buildPhases = (
				F9D45009D92F1FD4A2CE4500 /* Sources */,
			);
			buildRules = (
			);
			dependencies = (
			);
			name = Keyboard;
			packageProductDependencies = (
			);
			productName = Keyboard;
			productReference = 4EFA9E6E98116B1F943F5134 /* Keyboard.appex */;
			productType = "com.apple.product-type.app-extension";
		};
/* End PBXNativeTarget section */

/* Begin PBXProject section */
		D0A7485C26088A508E1C3F2B /* Project object */ = {
			isa = PBXProject;
			attributes = {
				BuildIndependentTargetsInParallel = YES;
				LastUpgradeCheck = 1430;
				TargetAttributes = {
				};
			};
			buildConfigurationList = B65F30C9440D6E6823FC352C /* Build configuration list for PBXProject "SimpleKeyboard" */;
			developmentRegion = en;
			hasScannedForEncodings = 0;
			knownRegions = (
				Base,
				en,
			);
			mainGroup = E7DF0B6F081CDD15ECB046A6;
			minimizedProjectReferenceProxies = 1;
			preferredProjectObjectVersion = 77;
			productRefGroup = 73F806CBFF370A1DC1007670 /* Products */;
			projectDirPath = "";
			projectRoot = "";
			targets = (
				F0CCF2C249819986B7DEF508 /* Keyboard */,
				BAE165CE913520267E9A68AE /* SimpleKeyboard */,
			);
		};
/* End PBXProject section */

/* Begin PBXResourcesBuildPhase section */
		0717B8196E194FA27A8EA8D1 /* Resources */ = {
			isa = PBXResourcesBuildPhase;
			buildActionMask = 2147483647;
			files = (
				A6A3961C65242A7F4763F002 /* Assets.xcassets in Resources */,
			);
			runOnlyForDeploymentPostprocessing = 0;
		};
/* End PBXResourcesBuildPhase section */

/* Begin PBXSourcesBuildPhase section */
		DFF7B237827C3CC59BD8DA86 /* Sources */ = {
			isa = PBXSourcesBuildPhase;
			buildActionMask = 2147483647;
			files = (
				9F104C9578D170B96D65D160 /* ContentView.swift in Sources */,
				E93332135009FB2419FD2304 /* SimpleKeyboardApp.swift in Sources */,
			);
			runOnlyForDeploymentPostprocessing = 0;
		};
		F9D45009D92F1FD4A2CE4500 /* Sources */ = {
			isa = PBXSourcesBuildPhase;
			buildActionMask = 2147483647;
			files = (
				AB54229B6B85E616FDE87ECA /* KeyboardViewController.swift in Sources */,
			);
			runOnlyForDeploymentPostprocessing = 0;
		};
/* End PBXSourcesBuildPhase section */

/* Begin PBXTargetDependency section */
		9A806E5FD87305E37939AC28 /* PBXTargetDependency */ = {
			isa = PBXTargetDependency;
			target = F0CCF2C249819986B7DEF508 /* Keyboard */;
			targetProxy = 81ADF27CDE49E08DD3E7D4E4 /* PBXContainerItemProxy */;
		};
/* End PBXTargetDependency section */

/* Begin XCBuildConfiguration section */
		17E1F429F0F78F274696F93D /* Release */ = {
			isa = XCBuildConfiguration;
			buildSettings = {
				INFOPLIST_FILE = Keyboard/Info.plist;
				LD_RUNPATH_SEARCH_PATHS = (
					"$(inherited)",
					"@executable_path/Frameworks",
					"@executable_path/../../Frameworks",
				);
				PRODUCT_BUNDLE_IDENTIFIER = com.dvlproad.SimpleKeyboard.Keyboard;
				PRODUCT_BUNDLE_PACKAGE_TYPE = "XPC!";
				SDKROOT = iphoneos;
				TARGETED_DEVICE_FAMILY = "1,2";
			};
			name = Release;
		};
		572AAF59F106BBDDE26E756E /* Debug */ = {
			isa = XCBuildConfiguration;
			buildSettings = {
				ALWAYS_SEARCH_USER_PATHS = NO;
				CLANG_ANALYZER_NONNULL = YES;
				CLANG_ANALYZER_NUMBER_OBJECT_CONVERSION = YES_AGGRESSIVE;
				CLANG_CXX_LANGUAGE_STANDARD = "gnu++14";
				CLANG_CXX_LIBRARY = "libc++";
				CLANG_ENABLE_MODULES = YES;
				CLANG_ENABLE_OBJC_ARC = YES;
				CLANG_ENABLE_OBJC_WEAK = YES;
				CLANG_WARN_BLOCK_CAPTURE_AUTORELEASING = YES;
				CLANG_WARN_BOOL_CONVERSION = YES;
				CLANG_WARN_COMMA = YES;
				CLANG_WARN_CONSTANT_CONVERSION = YES;
				CLANG_WARN_DEPRECATED_OBJC_IMPLEMENTATIONS = YES;
				CLANG_WARN_DIRECT_OBJC_ISA_USAGE = YES_ERROR;
				CLANG_WARN_DOCUMENTATION_COMMENTS = YES;
				CLANG_WARN_EMPTY_BODY = YES;
				CLANG_WARN_ENUM_CONVERSION = YES;
				CLANG_WARN_INFINITE_RECURSION = YES;
				CLANG_WARN_INT_CONVERSION = YES;
				CLANG_WARN_NON_LITERAL_NULL_CONVERSION = YES;
				CLANG_WARN_OBJC_IMPLICIT_RETAIN_SELF = YES;
				CLANG_WARN_OBJC_LITERAL_CONVERSION = YES;
				CLANG_WARN_OBJC_ROOT_CLASS = YES_ERROR;
				CLANG_WARN_QUOTED_INCLUDE_IN_FRAMEWORK_HEADER = YES;
				CLANG_WARN_RANGE_LOOP_ANALYSIS = YES;
				CLANG_WARN_STRICT_PROTOTYPES = YES;
				CLANG_WARN_SUSPICIOUS_MOVE = YES;
				CLANG_WARN_UNGUARDED_AVAILABILITY = YES_AGGRESSIVE;
				CLANG_WARN_UNREACHABLE_CODE = YES;
				CLANG_WARN__DUPLICATE_METHOD_MATCH = YES;
				COPY_PHASE_STRIP = NO;
				DEBUG_INFORMATION_FORMAT = dwarf;
				ENABLE_STRICT_OBJC_MSGSEND = YES;
				ENABLE_TESTABILITY = YES;
				GCC_C_LANGUAGE_STANDARD = gnu11;
				GCC_DYNAMIC_NO_PIC = NO;
				GCC_NO_COMMON_BLOCKS = YES;
				GCC_OPTIMIZATION_LEVEL = 0;
				GCC_PREPROCESSOR_DEFINITIONS = (
					"$(inherited)",
					"DEBUG=1",
				);
				GCC_WARN_64_TO_32_BIT_CONVERSION = YES;
				GCC_WARN_ABOUT_RETURN_TYPE = YES_ERROR;
				GCC_WARN_UNDECLARED_SELECTOR = YES;
				GCC_WARN_UNINITIALIZED_AUTOS = YES_AGGRESSIVE;
				GCC_WARN_UNUSED_FUNCTION = YES;
				GCC_WARN_UNUSED_VARIABLE = YES;
				IPHONEOS_DEPLOYMENT_TARGET = 16.0;
				MTL_ENABLE_DEBUG_INFO = INCLUDE_SOURCE;
				MTL_FAST_MATH = YES;
				ONLY_ACTIVE_ARCH = YES;
				PRODUCT_NAME = "$(TARGET_NAME)";
				SDKROOT = iphoneos;
				SWIFT_ACTIVE_COMPILATION_CONDITIONS = DEBUG;
				SWIFT_OPTIMIZATION_LEVEL = "-Onone";
				SWIFT_VERSION = 5.9;
			};
			name = Debug;
		};
		6EE93DB0D4B5C5B6AF43F3DB /* Release */ = {
			isa = XCBuildConfiguration;
			buildSettings = {
				ALWAYS_SEARCH_USER_PATHS = NO;
				CLANG_ANALYZER_NONNULL = YES;
				CLANG_ANALYZER_NUMBER_OBJECT_CONVERSION = YES_AGGRESSIVE;
				CLANG_CXX_LANGUAGE_STANDARD = "gnu++14";
				CLANG_CXX_LIBRARY = "libc++";
				CLANG_ENABLE_MODULES = YES;
				CLANG_ENABLE_OBJC_ARC = YES;
				CLANG_ENABLE_OBJC_WEAK = YES;
				CLANG_WARN_BLOCK_CAPTURE_AUTORELEASING = YES;
				CLANG_WARN_BOOL_CONVERSION = YES;
				CLANG_WARN_COMMA = YES;
				CLANG_WARN_CONSTANT_CONVERSION = YES;
				CLANG_WARN_DEPRECATED_OBJC_IMPLEMENTATIONS = YES;
				CLANG_WARN_DIRECT_OBJC_ISA_USAGE = YES_ERROR;
				CLANG_WARN_DOCUMENTATION_COMMENTS = YES;
				CLANG_WARN_EMPTY_BODY = YES;
				CLANG_WARN_ENUM_CONVERSION = YES;
				CLANG_WARN_INFINITE_RECURSION = YES;
				CLANG_WARN_INT_CONVERSION = YES;
				CLANG_WARN_NON_LITERAL_NULL_CONVERSION = YES;
				CLANG_WARN_OBJC_IMPLICIT_RETAIN_SELF = YES;
				CLANG_WARN_OBJC_LITERAL_CONVERSION = YES;
				CLANG_WARN_OBJC_ROOT_CLASS = YES_ERROR;
				CLANG_WARN_QUOTED_INCLUDE_IN_FRAMEWORK_HEADER = YES;
				CLANG_WARN_RANGE_LOOP_ANALYSIS = YES;
				CLANG_WARN_STRICT_PROTOTYPES = YES;
				CLANG_WARN_SUSPICIOUS_MOVE = YES;
				CLANG_WARN_UNGUARDED_AVAILABILITY = YES_AGGRESSIVE;
				CLANG_WARN_UNREACHABLE_CODE = YES;
				CLANG_WARN__DUPLICATE_METHOD_MATCH = YES;
				COPY_PHASE_STRIP = NO;
				DEBUG_INFORMATION_FORMAT = "dwarf-with-dsym";
				ENABLE_NS_ASSERTIONS = NO;
				ENABLE_STRICT_OBJC_MSGSEND = YES;
				GCC_C_LANGUAGE_STANDARD = gnu11;
				GCC_NO_COMMON_BLOCKS = YES;
				GCC_WARN_64_TO_32_BIT_CONVERSION = YES;
				GCC_WARN_ABOUT_RETURN_TYPE = YES_ERROR;
				GCC_WARN_UNDECLARED_SELECTOR = YES;
				GCC_WARN_UNINITIALIZED_AUTOS = YES_AGGRESSIVE;
				GCC_WARN_UNUSED_FUNCTION = YES;
				GCC_WARN_UNUSED_VARIABLE = YES;
				IPHONEOS_DEPLOYMENT_TARGET = 16.0;
				MTL_ENABLE_DEBUG_INFO = NO;
				MTL_FAST_MATH = YES;
				PRODUCT_NAME = "$(TARGET_NAME)";
				SDKROOT = iphoneos;
				SWIFT_COMPILATION_MODE = wholemodule;
				SWIFT_OPTIMIZATION_LEVEL = "-O";
				SWIFT_VERSION = 5.9;
			};
			name = Release;
		};
		B31DC3835994C9A60A218B1C /* Debug */ = {
			isa = XCBuildConfiguration;
			buildSettings = {
				ASSETCATALOG_COMPILER_APPICON_NAME = AppIcon;
				CODE_SIGN_IDENTITY = "iPhone Developer";
				INFOPLIST_FILE = SimpleKeyboard/Info.plist;
				LD_RUNPATH_SEARCH_PATHS = (
					"$(inherited)",
					"@executable_path/Frameworks",
				);
				PRODUCT_BUNDLE_IDENTIFIER = com.dvlproad.SimpleKeyboard;
				SDKROOT = iphoneos;
				TARGETED_DEVICE_FAMILY = "1,2";
			};
			name = Debug;
		};
		BBB9F41FBDFBF841C4EF155A /* Debug */ = {
			isa = XCBuildConfiguration;
			buildSettings = {
				INFOPLIST_FILE = Keyboard/Info.plist;
				LD_RUNPATH_SEARCH_PATHS = (
					"$(inherited)",
					"@executable_path/Frameworks",
					"@executable_path/../../Frameworks",
				);
				PRODUCT_BUNDLE_IDENTIFIER = com.dvlproad.SimpleKeyboard.Keyboard;
				PRODUCT_BUNDLE_PACKAGE_TYPE = "XPC!";
				SDKROOT = iphoneos;
				TARGETED_DEVICE_FAMILY = "1,2";
			};
			name = Debug;
		};
		BF01882B1B603416F4D73C7C /* Release */ = {
			isa = XCBuildConfiguration;
			buildSettings = {
				ASSETCATALOG_COMPILER_APPICON_NAME = AppIcon;
				CODE_SIGN_IDENTITY = "iPhone Developer";
				INFOPLIST_FILE = SimpleKeyboard/Info.plist;
				LD_RUNPATH_SEARCH_PATHS = (
					"$(inherited)",
					"@executable_path/Frameworks",
				);
				PRODUCT_BUNDLE_IDENTIFIER = com.dvlproad.SimpleKeyboard;
				SDKROOT = iphoneos;
				TARGETED_DEVICE_FAMILY = "1,2";
			};
			name = Release;
		};
/* End XCBuildConfiguration section */

/* Begin XCConfigurationList section */
		B136EBD5E97FE707D6E1EA40 /* Build configuration list for PBXNativeTarget "Keyboard" */ = {
			isa = XCConfigurationList;
			buildConfigurations = (
				BBB9F41FBDFBF841C4EF155A /* Debug */,
				17E1F429F0F78F274696F93D /* Release */,
			);
			defaultConfigurationIsVisible = 0;
			defaultConfigurationName = Debug;
		};
		B65F30C9440D6E6823FC352C /* Build configuration list for PBXProject "SimpleKeyboard" */ = {
			isa = XCConfigurationList;
			buildConfigurations = (
				572AAF59F106BBDDE26E756E /* Debug */,
				6EE93DB0D4B5C5B6AF43F3DB /* Release */,
			);
			defaultConfigurationIsVisible = 0;
			defaultConfigurationName = Debug;
		};
		F83DD13929399376B1AB808D /* Build configuration list for PBXNativeTarget "SimpleKeyboard" */ = {
			isa = XCConfigurationList;
			buildConfigurations = (
				B31DC3835994C9A60A218B1C /* Debug */,
				BF01882B1B603416F4D73C7C /* Release */,
			);
			defaultConfigurationIsVisible = 0;
			defaultConfigurationName = Debug;
		};
/* End XCConfigurationList section */
	};
	rootObject = D0A7485C26088A508E1C3F2B /* Project object */;
}
